{
  "version": 1,
  "dependencies": {
    "net10.0-windows7.0": {
      "AsyncAwaitBestPractices": {
        "type": "Direct",
        "requested": "[10.0.0, )",
        "resolved": "10.0.0",
        "contentHash": "HRK/K4MSlx0b3FZ+LMP3ZvbTS+Ts361lhwp47CQZaESX/9cl5UIKOC0fWb5AbGNZxj96pKRvl7/Wrxj/J8LG/g=="
      },
      "Blake3": {
        "type": "Direct",
        "requested": "[2.2.1, )",
        "resolved": "2.2.1",
        "contentHash": "HfNW2Iiy4hCaVDVGFEyk0mks+M5HSU3O8O517LyYkI6FFuj2jpvNlag4kGQFDSRmJi4/axgOei8k02NKq/uoDg=="
      },
      "DalamudPackager": {
        "type": "Direct",
        "requested": "[15.0.0, )",
        "resolved": "15.0.0",
        "contentHash": "411vwC8/X8Z/sQ2TI6v3SvOn66xFPeOjFn3Zn+h0d3Ox2t1kFm66AhDvmx/qcMwVrR+Hidxj0dadpQ2dgyXMBQ=="
      },
      "DotNet.ReproducibleBuilds": {
        "type": "Direct",
        "requested": "[1.2.39, )",
        "resolved": "1.2.39",
        "contentHash": "fcFN01tDTIQqDuTwr1jUQK/geofiwjG5DycJQOnC72i1SsLAk1ELe+apBOuZ11UMQG8YKFZG1FgvjZPbqHyatg=="
      },
      "Flecs.NET.Debug": {
        "type": "Direct",
        "requested": "[4.0.3, )",
        "resolved": "4.0.3",
        "contentHash": "85duFokDrxLx11jD3DWtOU9Nx6HWF17+r5BNw1an6qaU/YntFZxzbnUR154zwyhRABJTg1yJc7cEh2LrTaDOvw==",
        "dependencies": {
          "Flecs.NET.Bindings.Debug": "4.0.3"
        }
      },
      "HelixToolkit.SharpDX.Core": {
        "type": "Direct",
        "requested": "[2.27.3, )",
        "resolved": "2.27.3",
        "contentHash": "4ZcLkR1+YIDd0EHVOJ/sJa/mGRkj3/Bqk4FIioeiLVRY29q3HRScKlQiQjFIcw/XtSWYODnOS0ofT0ZV/+hXbg==",
        "dependencies": {
          "Cyotek.Drawing.BitmapFont": "2.0.0",
          "HelixToolkit": "[2.27.3]",
          "Microsoft.Extensions.Logging.Abstractions": "6.0.0",
          "SharpDX": "4.2.0",
          "SharpDX.D3DCompiler": "4.2.0",
          "SharpDX.DXGI": "4.2.0",
          "SharpDX.Direct2D1": "4.2.0",
          "SharpDX.Direct3D11": "4.2.0",
          "SharpDX.Mathematics": "4.2.0"
        }
      },
      "Microsoft.Extensions.Logging": {
        "type": "Direct",
        "requested": "[10.0.8, )",
        "resolved": "10.0.8",
        "contentHash": "K60JhWC2hN/Gi7TP68tBxSzk5ACWOs7lkmPzsfA8Bcf/IXTajujt2ORMf9rSMk1bsng6Lv4Y3fuxp3bm1+15ug==",
        "dependencies": {
          "Microsoft.Extensions.DependencyInjection": "10.0.8",
          "Microsoft.Extensions.Logging.Abstractions": "10.0.8",
          "Microsoft.Extensions.Options": "10.0.8"
        }
      },
      "Ninject": {
        "type": "Direct",
        "requested": "[3.3.6, )",
        "resolved": "3.3.6",
        "contentHash": "93avazUpbRL3IdwvTQF0DKSQB26TeqwMGhZsQNxi/RLSYewhxBkdGDhwWe9DAIRF1+zKDVMv3XkBk8HobKU6wA=="
      },
      "Ninject.Extensions.Factory": {
        "type": "Direct",
        "requested": "[3.3.3, )",
        "resolved": "3.3.3",
        "contentHash": "aF18MboPRaOgnUPNkafO44IPBXh7P7tUuZA3gP4ehxt1zwdViNPkVd5Mb9HlwbRM1togf0Eezpxfft7jz3IM9Q==",
        "dependencies": {
          "Castle.Core": "4.2.0",
          "Ninject": "3.3.3"
        }
      },
      "NLog": {
        "type": "Direct",
        "requested": "[6.1.3, )",
        "resolved": "6.1.3",
        "contentHash": "w4JFIUN3cjQobFOc6wuXtHTyMNaWfdAxOhMvCR0vHBNpl2kKSjNYYxzx1KsTtePufQeokFMEx9UbWTAqlICKjA=="
      },
      "ReactiveProperty": {
        "type": "Direct",
        "requested": "[9.8.0, )",
        "resolved": "9.8.0",
        "contentHash": "996UEBlxqcAb/ygOxxHYJjMzovH3BJc8Piei0nSXmLYaVmfSObMZ26CEN7Z9joTvQgGBzDdvSlv4kBev1nO+sA==",
        "dependencies": {
          "ReactiveProperty.Core": "9.8.0",
          "System.ComponentModel.Annotations": "5.0.0",
          "System.Reactive": "6.1.0"
        }
      },
      "SharpDX.D3DCompiler": {
        "type": "Direct",
        "requested": "[4.2.0, )",
        "resolved": "4.2.0",
        "contentHash": "Rnsd6Ilp127xbXqhTit8WKFQUrXwWxqVGpglyWDNkIBCk0tWXNQEjrJpsl0KAObzyZaa33+EXAikLVt5fnd3GA==",
        "dependencies": {
          "NETStandard.Library": "1.6.1",
          "SharpDX": "4.2.0"
        }
      },
      "SocketIO.Serializer.NewtonsoftJson": {
        "type": "Direct",
        "requested": "[3.1.2, )",
        "resolved": "3.1.2",
        "contentHash": "vTCbbPo3UOC3KOma1VqNkZg33A/Y14ZHWT0y3JP65BWTmJN9B2NdeA1mkPkncponq6UkdszMobJ5WXHIOkvqtg==",
        "dependencies": {
          "Newtonsoft.Json": "13.0.3",
          "SocketIO.Core": "3.1.2",
          "SocketIO.Serializer.Core": "3.1.2"
        }
      },
      "SocketIOClient": {
        "type": "Direct",
        "requested": "[3.1.2, )",
        "resolved": "3.1.2",
        "contentHash": "CMmnmhvG1Qf8k6BPh3RLqc/9MNvGUlCOyptjoP8a62bowPQkHTWvN25yy+gQqx5Ry/NgzkQHBJNpmRJhZNZrVQ==",
        "dependencies": {
          "SocketIO.Serializer.Core": "3.1.2",
          "SocketIO.Serializer.SystemTextJson": "3.1.2"
        }
      },
      "WindowsInput": {
        "type": "Direct",
        "requested": "[6.4.1, )",
        "resolved": "6.4.1",
        "contentHash": "wfg9uu5xDvBcaNqvR1ZTFQqBf4bKzkxdd5WviTZPy4cAywEzLzofuYswZB3nGIEnnlwGLBGSgrNOEZH/w8JI9w=="
      },
      "YamlDotNet": {
        "type": "Direct",
        "requested": "[17.1.0, )",
        "resolved": "17.1.0",
        "contentHash": "AhsNXgeAs3Ugt653t8LC44xXDuldFfwBpWbWX9pN3e4Yg8U5Bk8jLn8eXtGv5HV2V2nHu7F46fqsPC+tpcTGAA=="
      },
      "ZLinq": {
        "type": "Direct",
        "requested": "[1.5.6, )",
        "resolved": "1.5.6",
        "contentHash": "O2lcAZ1hC2zytrTuJV8WwpGbFURvsAApIEkmFJUKL3CFpedt1cgNVn+ZF00YyN321NL7Vz766wHxIPTzSyfUWg=="
      },
      "Castle.Core": {
        "type": "Transitive",
        "resolved": "4.2.0",
        "contentHash": "1TtKHYYVfox7aUZ0akCqkULmAjpG8X5ZRzTzTiONY34xtvvaPuUSSdVL1VaF/1/ljRhOkpy+uKOGn6XoFGvorw==",
        "dependencies": {
          "NETStandard.Library": "1.6.1"
        }
      },
      "Cyotek.Drawing.BitmapFont": {
        "type": "Transitive",
        "resolved": "2.0.0",
        "contentHash": "t6vYF0sXgNb6dP9QNbJxJWw3RdCEWC6Llv47oPYpobYAhmKcgmAZJv6HXK03DEUmo7ff6yPvsyEWTkia+UAONw=="
      },
      "Flecs.NET.Bindings.Debug": {
        "type": "Transitive",
        "resolved": "4.0.3",
        "contentHash": "lIHLDfr/P1Bc8p+QPwnlkrGj75/kF9CfTCcJtp0fWNgXQu9onX2K3w8Cu8rwxiUWMzi6gx49fwlTAQXB/w5S2A==",
        "dependencies": {
          "Flecs.NET.Native.Debug": "4.0.3"
        }
      },
      "Flecs.NET.Native.Debug": {
        "type": "Transitive",
        "resolved": "4.0.3",
        "contentHash": "+myNejPdTcR9Glm7Pt11IywomNzjULwTr2nKrpkAmXJk+/2fWDf0zZImNSijwigYzFhqnWOaPdxCHLXaziiDjQ=="
      },
      "HelixToolkit": {
        "type": "Transitive",
        "resolved": "2.27.3",
        "contentHash": "6ayeWD8YFvG82LWLeKM2GvShu9jHvEdX5gTk+8G/Any79wctqfBiSRQJ6D9X6yzzcNGkCIFsrvA9ErMDvE0AMA==",
        "dependencies": {
          "Microsoft.Extensions.Logging.Abstractions": "6.0.0"
        }
      },
      "Microsoft.Extensions.DependencyInjection": {
        "type": "Transitive",
        "resolved": "10.0.8",
        "contentHash": "daf62xHIrq8pnE709hgaZZN9tSam9TGGepWe1+bE6V3GEuVwJiMs6ib+38lfMCyAJAHiX0vapxBhsuMSV7U+cg==",
        "dependencies": {
          "Microsoft.Extensions.DependencyInjection.Abstractions": "10.0.8"
        }
      },
      "Microsoft.Extensions.DependencyInjection.Abstractions": {
        "type": "Transitive",
        "resolved": "10.0.8",
        "contentHash": "21nbDV60SRPWGIivsyl6lqBeEJNG1sginhhfWgRrr3Ais7aQ12To25OAHQxgoiJkjqy1aQ6RxpZBGYuTi7Ge6A=="
      },
      "Microsoft.Extensions.Logging.Abstractions": {
        "type": "Transitive",
        "resolved": "10.0.8",
        "contentHash": "fdVadZmsC8jRP0KvKy8mO8f6GV/HyBvElfcSxEhd+5FM5boAw/01iSaCto5G3G37ApJira4A3pNaVvBv8cUiLQ==",
        "dependencies": {
          "Microsoft.Extensions.DependencyInjection.Abstractions": "10.0.8"
        }
      },
      "Microsoft.Extensions.Options": {
        "type": "Transitive",
        "resolved": "10.0.8",
        "contentHash": "VBD+131DpTNCNDfA4kIyKTiCySvJGNhwibdWBSdFRu7GMfXLXcXODkgA+KStKbbhzraLglZWUN4nXyHgW4JIRA==",
        "dependencies": {
          "Microsoft.Extensions.DependencyInjection.Abstractions": "10.0.8",
          "Microsoft.Extensions.Primitives": "10.0.8"
        }
      },
      "Microsoft.Extensions.Primitives": {
        "type": "Transitive",
        "resolved": "10.0.8",
        "contentHash": "OBPo4nYhMyIbtueoC10CBm6AGAbo/A9IV8QQ/6ryZS7VvmqpGT7hunazeHLxFawRzn3oLOq4jhqhpBX4tfswWQ=="
      },
      "Microsoft.NETCore.Platforms": {
        "type": "Transitive",
        "resolved": "1.1.0",
        "contentHash": "kz0PEW2lhqygehI/d6XsPCQzD7ff7gUJaVGPVETX611eadGsA3A877GdSlU0LRVMCTH/+P3o2iDTak+S08V2+A=="
      },
      "NETStandard.Library": {
        "type": "Transitive",
        "resolved": "1.6.1",
        "contentHash": "WcSp3+vP+yHNgS8EV5J7pZ9IRpeDuARBPN28by8zqff1wJQXm26PVU8L3/fYLBJVU7BtDyqNVWq2KlCVvSSR4A==",
        "dependencies": {
          "Microsoft.NETCore.Platforms": "1.1.0"
        }
      },
      "Newtonsoft.Json": {
        "type": "Transitive",
        "resolved": "13.0.3",
        "contentHash": "HrC5BXdl00IP9zeV+0Z848QWPAoCr9P3bDEZguI+gkLcBKAOxix/tLEAAHC+UvDNPv4a2d18lOReHMOagPa+zQ=="
      },
      "ReactiveProperty.Core": {
        "type": "Transitive",
        "resolved": "9.8.0",
        "contentHash": "ntZSmO18/WwD53i+ylQbtoDuxCAPislYsrzeJ+Hhbh4yYiZEODhBjXEvnA+RFc+wjDmByXoeERjbQJj3aMiRkA==",
        "dependencies": {
          "System.ComponentModel.Annotations": "5.0.0"
        }
      },
      "SharpDX": {
        "type": "Transitive",
        "resolved": "4.2.0",
        "contentHash": "3pv0LFMvfK/dv1qISJnn8xBeeT6R/FRvr0EV4KI2DGsL84Qlv6P7isWqxGyU0LCwlSVCJN3jgHJ4Bl0KI2PJww==",
        "dependencies": {
          "NETStandard.Library": "1.6.1"
        }
      },
      "SharpDX.Direct2D1": {
        "type": "Transitive",
        "resolved": "4.2.0",
        "contentHash": "Qs8LzDMaQf1u3KB8ArHu9pDv6itZ++QXs99a/bVAG+nKr0Hx5NG4mcN5vsfE0mVR2TkeHfeUm4PksRah6VUPtA==",
        "dependencies": {
          "NETStandard.Library": "1.6.1",
          "SharpDX": "4.2.0",
          "SharpDX.DXGI": "4.2.0"
        }
      },
      "SharpDX.Direct3D11": {
        "type": "Transitive",
        "resolved": "4.2.0",
        "contentHash": "oTm/iT5X/IIuJ8kNYP+DTC/MhBhqtRF5dbgPPFgLBdQv0BKzNTzXQQXd7SveBFjQg6hXEAJ2jGCAzNYvGFc9LA==",
        "dependencies": {
          "NETStandard.Library": "1.6.1",
          "SharpDX": "4.2.0",
          "SharpDX.DXGI": "4.2.0"
        }
      },
      "SharpDX.DXGI": {
        "type": "Transitive",
        "resolved": "4.2.0",
        "contentHash": "UjKqkgWc8U+SP+j3LBzFP6OB6Ntapjih7Xo+g1rLcsGbIb5KwewBrBChaUu7sil8rWoeVU/k0EJd3SMN4VqNZw==",
        "dependencies": {
          "NETStandard.Library": "1.6.1",
          "SharpDX": "4.2.0"
        }
      },
      "SharpDX.Mathematics": {
        "type": "Transitive",
        "resolved": "4.2.0",
        "contentHash": "R2pcKLgdsP9p5WyTjHmGOZ0ka0zASAZYc6P4L6rSvjYhf6klGYbent7MiVwbkwkt9dD44p5brjy5IwAnVONWGw==",
        "dependencies": {
          "NETStandard.Library": "1.6.1",
          "SharpDX": "4.2.0"
        }
      },
      "SocketIO.Core": {
        "type": "Transitive",
        "resolved": "3.1.2",
        "contentHash": "tb6vZ7DYhZooRGLHTPK7/Gifbu+kHbkQRbsee0LAnI28pWc5+Br+juh4pvid3kfIrGTl5dzAfy5huLELVU4svA=="
      },
      "SocketIO.Serializer.Core": {
        "type": "Transitive",
        "resolved": "3.1.2",
        "contentHash": "/cJtU3JVzjqP/Jh3BpMMR0aNzYua6s9e3+hjZ6OnYprFHrGYyg/n9OcST1dBjmOvvgyJ3GwJlyq0NjnPETAHsA==",
        "dependencies": {
          "SocketIO.Core": "3.1.2"
        }
      },
      "SocketIO.Serializer.SystemTextJson": {
        "type": "Transitive",
        "resolved": "3.1.2",
        "contentHash": "AA8w3Y4JldC3FaL1D4WuyG4zLPdrzjf8AQx1LCKtzlMlTLOcbEW0UGt+BhKxkUnxYAD5O5fsqRrTNCGXu6VeWA==",
        "dependencies": {
          "SocketIO.Core": "3.1.2",
          "SocketIO.Serializer.Core": "3.1.2"
        }
      },
      "System.ComponentModel.Annotations": {
        "type": "Transitive",
        "resolved": "5.0.0",
        "contentHash": "dMkqfy2el8A8/I76n2Hi1oBFEbG1SfxD2l5nhwXV3XjlnOmwxJlQbYpJH4W51odnU9sARCSAgv7S3CyAFMkpYg=="
      },
      "System.Reactive": {
        "type": "Transitive",
        "resolved": "6.1.0",
        "contentHash": "M5cCC1ZMkZr9jbSQGTHnVkb5TDN67qWCV7AP8TAHdGkvDlu0puT5NzemESNn9+HkYIDpWpocP68/i+/ame2/2w=="
      },
      "penumbra.string": {
        "type": "Project"
      }
    }
  }
}